// !$*UTF8*$!
{
	archiveVersion = 1;
	classes = {
	};
	objectVersion = 46;
	objects = {

/* Begin PBXBuildFile section */
		0FACB8F412BF641D00C7AEDF /* QuickLook.framework in Frameworks */ = {isa = PBXBuildFile; fileRef = 0FACB8F312BF641D00C7AEDF /* QuickLook.framework */; };
		0FACB8F612BF641D00C7AEDF /* ApplicationServices.framework in Frameworks */ = {isa = PBXBuildFile; fileRef = 0FACB8F512BF641D00C7AEDF /* ApplicationServices.framework */; };
		0FACB8F812BF641D00C7AEDF /* CoreServices.framework in Frameworks */ = {isa = PBXBuildFile; fileRef = 0FACB8F712BF641D00C7AEDF /* CoreServices.framework */; };
		0FACB8FA12BF641D00C7AEDF /* CoreFoundation.framework in Frameworks */ = {isa = PBXBuildFile; fileRef = 0FACB8F912BF641D00C7AEDF /* CoreFoundation.framework */; };
		0FACB90D12BF646F00C7AEDF /* main.c in Sources */ = {isa = PBXBuildFile; fileRef = 08FB77B6FE84183AC02AAC07 /* main.c */; };
		0FACB90E12BF647400C7AEDF /* GenerateThumbnailForURL.m in Sources */ = {isa = PBXBuildFile; fileRef = 61E3BCFA0870B4F2002186A0 /* GenerateThumbnailForURL.m */; };
		0FACB90F12BF647700C7AEDF /* GeneratePreviewForURL.m in Sources */ = {isa = PBXBuildFile; fileRef = 2C05A19B06CAA52B00D84F6F /* GeneratePreviewForURL.m */; };
		0FACB91012BF647A00C7AEDF /* torrent.m in Sources */ = {isa = PBXBuildFile; fileRef = 679BE0BA0F47FCD20001980F /* torrent.m */; };
		0FACB91112BF647D00C7AEDF /* BEncoding.m in Sources */ = {isa = PBXBuildFile; fileRef = 679BE0C40F47FDCC0001980F /* BEncoding.m */; };
		0FACB91312BF654100C7AEDF /* Foundation.framework in Frameworks */ = {isa = PBXBuildFile; fileRef = 0FACB91212BF654100C7AEDF /* Foundation.framework */; };
		0FBA3BB612BF666900311BAC /* torrentpreview.html in Resources */ = {isa = PBXBuildFile; fileRef = 679BE4110F4818DF0001980F /* torrentpreview.html */; };
		7B13B21C1478868200E8B6A0 /* Foundation.framework in Frameworks */ = {isa = PBXBuildFile; fileRef = 0FACB91212BF654100C7AEDF /* Foundation.framework */; };
		7B13B21F1478868200E8B6A0 /* main.m in Sources */ = {isa = PBXBuildFile; fileRef = 7B13B21E1478868200E8B6A0 /* main.m */; };
		7B13B2231478868200E8B6A0 /* StaticQLTorrentTests.1 in CopyFiles */ = {isa = PBXBuildFile; fileRef = 7B13B2221478868200E8B6A0 /* StaticQLTorrentTests.1 */; };
		7B13B2271478880400E8B6A0 /* BEncoding.m in Sources */ = {isa = PBXBuildFile; fileRef = 679BE0C40F47FDCC0001980F /* BEncoding.m */; };
		7B13B2281478880600E8B6A0 /* torrent.m in Sources */ = {isa = PBXBuildFile; fileRef = 679BE0BA0F47FCD20001980F /* torrent.m */; };
/* End PBXBuildFile section */

/* Begin PBXCopyFilesBuildPhase section */
		7B13B2181478868200E8B6A0 /* CopyFiles */ = {
			isa = PBXCopyFilesBuildPhase;
			buildActionMask = 2147483647;
			dstPath = /usr/share/man/man1/;
			dstSubfolderSpec = 0;
			files = (
				7B13B2231478868200E8B6A0 /* StaticQLTorrentTests.1 in CopyFiles */,
			);
			runOnlyForDeploymentPostprocessing = 1;
		};
/* End PBXCopyFilesBuildPhase section */

/* Begin PBXFileReference section */
		089C167EFE841241C02AAC07 /* English */ = {isa = PBXFileReference; fileEncoding = 10; lastKnownFileType = text.plist.strings; name = English; path = English.lproj/InfoPlist.strings; sourceTree = "<group>"; };
		08FB77B6FE84183AC02AAC07 /* main.c */ = {isa = PBXFileReference; fileEncoding = 4; lastKnownFileType = sourcecode.c.c; path = main.c; sourceTree = "<group>"; };
		0FACB8F212BF641D00C7AEDF /* qltorrent.qlgenerator */ = {isa = PBXFileReference; explicitFileType = wrapper.cfbundle; includeInIndex = 0; path = qltorrent.qlgenerator; sourceTree = BUILT_PRODUCTS_DIR; };
		0FACB8F312BF641D00C7AEDF /* QuickLook.framework */ = {isa = PBXFileReference; lastKnownFileType = wrapper.framework; name = QuickLook.framework; path = System/Library/Frameworks/QuickLook.framework; sourceTree = SDKROOT; };
		0FACB8F512BF641D00C7AEDF /* ApplicationServices.framework */ = {isa = PBXFileReference; lastKnownFileType = wrapper.framework; name = ApplicationServices.framework; path = System/Library/Frameworks/ApplicationServices.framework; sourceTree = SDKROOT; };
		0FACB8F712BF641D00C7AEDF /* CoreServices.framework */ = {isa = PBXFileReference; lastKnownFileType = wrapper.framework; name = CoreServices.framework; path = System/Library/Frameworks/CoreServices.framework; sourceTree = SDKROOT; };
		0FACB8F912BF641D00C7AEDF /* CoreFoundation.framework */ = {isa = PBXFileReference; lastKnownFileType = wrapper.framework; name = CoreFoundation.framework; path = System/Library/Frameworks/CoreFoundation.framework; sourceTree = SDKROOT; };
		0FACB8FC12BF641E00C7AEDF /* QLTorrent-Prefix.pch */ = {isa = PBXFileReference; lastKnownFileType = sourcecode.c.h; path = "QLTorrent-Prefix.pch"; sourceTree = "<group>"; };
		0FACB91212BF654100C7AEDF /* Foundation.framework */ = {isa = PBXFileReference; lastKnownFileType = wrapper.framework; name = Foundation.framework; path = System/Library/Frameworks/Foundation.framework; sourceTree = SDKROOT; };
		2C05A19B06CAA52B00D84F6F /* GeneratePreviewForURL.m */ = {isa = PBXFileReference; fileEncoding = 4; lastKnownFileType = sourcecode.c.objc; path = GeneratePreviewForURL.m; sourceTree = "<group>"; };
		61E3BCFA0870B4F2002186A0 /* GenerateThumbnailForURL.m */ = {isa = PBXFileReference; fileEncoding = 30; lastKnownFileType = sourcecode.c.objc; path = GenerateThumbnailForURL.m; sourceTree = "<group>"; };
		679BE0B90F47FCD20001980F /* torrent.h */ = {isa = PBXFileReference; fileEncoding = 4; lastKnownFileType = sourcecode.c.h; path = torrent.h; sourceTree = "<group>"; };
		679BE0BA0F47FCD20001980F /* torrent.m */ = {isa = PBXFileReference; fileEncoding = 4; lastKnownFileType = sourcecode.c.objc; path = torrent.m; sourceTree = "<group>"; };
		679BE0C30F47FDCC0001980F /* BEncoding.h */ = {isa = PBXFileReference; fileEncoding = 4; lastKnownFileType = sourcecode.c.h; path = BEncoding.h; sourceTree = "<group>"; };
		679BE0C40F47FDCC0001980F /* BEncoding.m */ = {isa = PBXFileReference; fileEncoding = 4; lastKnownFileType = sourcecode.c.objc; path = BEncoding.m; sourceTree = "<group>"; };
		679BE3380F47FF7E0001980F /* WebKit.framework */ = {isa = PBXFileReference; lastKnownFileType = wrapper.framework; name = WebKit.framework; path = /System/Library/Frameworks/WebKit.framework; sourceTree = "<absolute>"; };
		679BE3390F47FF7E0001980F /* Cocoa.framework */ = {isa = PBXFileReference; lastKnownFileType = wrapper.framework; name = Cocoa.framework; path = /System/Library/Frameworks/Cocoa.framework; sourceTree = "<absolute>"; };
		679BE33A0F47FF7E0001980F /* QuickLook.framework */ = {isa = PBXFileReference; lastKnownFileType = wrapper.framework; name = QuickLook.framework; path = /System/Library/Frameworks/QuickLook.framework; sourceTree = "<absolute>"; };
		679BE33B0F47FF7E0001980F /* ApplicationServices.framework */ = {isa = PBXFileReference; lastKnownFileType = wrapper.framework; name = ApplicationServices.framework; path = /System/Library/Frameworks/ApplicationServices.framework; sourceTree = "<absolute>"; };
		679BE33C0F47FF7E0001980F /* CoreServices.framework */ = {isa = PBXFileReference; lastKnownFileType = wrapper.framework; name = CoreServices.framework; path = /System/Library/Frameworks/CoreServices.framework; sourceTree = "<absolute>"; };
		679BE33D0F47FF7E0001980F /* CoreFoundation.framework */ = {isa = PBXFileReference; lastKnownFileType = wrapper.framework; name = CoreFoundation.framework; path = /System/Library/Frameworks/CoreFoundation.framework; sourceTree = "<absolute>"; };
		679BE4110F4818DF0001980F /* torrentpreview.html */ = {isa = PBXFileReference; fileEncoding = 4; lastKnownFileType = text.html; path = torrentpreview.html; sourceTree = "<group>"; };
		7B13B21A1478868200E8B6A0 /* StaticQLTorrentTests */ = {isa = PBXFileReference; explicitFileType = "compiled.mach-o.executable"; includeInIndex = 0; path = StaticQLTorrentTests; sourceTree = BUILT_PRODUCTS_DIR; };
		7B13B21E1478868200E8B6A0 /* main.m */ = {isa = PBXFileReference; lastKnownFileType = sourcecode.c.objc; path = main.m; sourceTree = "<group>"; };
		7B13B2211478868200E8B6A0 /* StaticQLTorrentTests-Prefix.pch */ = {isa = PBXFileReference; lastKnownFileType = sourcecode.c.h; path = "StaticQLTorrentTests-Prefix.pch"; sourceTree = "<group>"; };
		7B13B2221478868200E8B6A0 /* StaticQLTorrentTests.1 */ = {isa = PBXFileReference; lastKnownFileType = text.man; path = StaticQLTorrentTests.1; sourceTree = "<group>"; };
		8D576317048677EA00EA77CD /* Info.plist */ = {isa = PBXFileReference; fileEncoding = 4; lastKnownFileType = text.plist; path = Info.plist; sourceTree = "<group>"; };
/* End PBXFileReference section */

/* Begin PBXFrameworksBuildPhase section */
		0FACB8ED12BF641D00C7AEDF /* Frameworks */ = {
			isa = PBXFrameworksBuildPhase;
			buildActionMask = 2147483647;
			files = (
				0FACB91312BF654100C7AEDF /* Foundation.framework in Frameworks */,
				0FACB8F412BF641D00C7AEDF /* QuickLook.framework in Frameworks */,
				0FACB8F612BF641D00C7AEDF /* ApplicationServices.framework in Frameworks */,
				0FACB8F812BF641D00C7AEDF /* CoreServices.framework in Frameworks */,
				0FACB8FA12BF641D00C7AEDF /* CoreFoundation.framework in Frameworks */,
			);
			runOnlyForDeploymentPostprocessing = 0;
		};
		7B13B2171478868200E8B6A0 /* Frameworks */ = {
			isa = PBXFrameworksBuildPhase;
			buildActionMask = 2147483647;
			files = (
				7B13B21C1478868200E8B6A0 /* Foundation.framework in Frameworks */,
			);
			runOnlyForDeploymentPostprocessing = 0;
		};
/* End PBXFrameworksBuildPhase section */

/* Begin PBXGroup section */
		089C166AFE841209C02AAC07 /* qltorrent */ = {
			isa = PBXGroup;
			children = (
				08FB77AFFE84173DC02AAC07 /* Source */,
				089C167CFE841241C02AAC07 /* Resources */,
				7B13B21D1478868200E8B6A0 /* StaticQLTorrentTests */,
				089C1671FE841209C02AAC07 /* External Frameworks and Libraries */,
				19C28FB6FE9D52B211CA2CBB /* Products */,
				0FACB8EA12BF641D00C7AEDF /* Other Sources */,
				0FACB8EB12BF641D00C7AEDF /* Frameworks */,
			);
			name = qltorrent;
			sourceTree = "<group>";
		};
		089C1671FE841209C02AAC07 /* External Frameworks and Libraries */ = {
			isa = PBXGroup;
			children = (
				679BE3380F47FF7E0001980F /* WebKit.framework */,
				679BE3390F47FF7E0001980F /* Cocoa.framework */,
				679BE33A0F47FF7E0001980F /* QuickLook.framework */,
				679BE33B0F47FF7E0001980F /* ApplicationServices.framework */,
				679BE33C0F47FF7E0001980F /* CoreServices.framework */,
				679BE33D0F47FF7E0001980F /* CoreFoundation.framework */,
			);
			name = "External Frameworks and Libraries";
			sourceTree = "<group>";
		};
		089C167CFE841241C02AAC07 /* Resources */ = {
			isa = PBXGroup;
			children = (
				679BE4110F4818DF0001980F /* torrentpreview.html */,
				8D576317048677EA00EA77CD /* Info.plist */,
				8D5B49A704867FD3000E48DA /* InfoPlist.strings */,
			);
			name = Resources;
			sourceTree = "<group>";
		};
		08FB77AFFE84173DC02AAC07 /* Source */ = {
			isa = PBXGroup;
			children = (
				679BE0C30F47FDCC0001980F /* BEncoding.h */,
				679BE0C40F47FDCC0001980F /* BEncoding.m */,
				679BE0B90F47FCD20001980F /* torrent.h */,
				679BE0BA0F47FCD20001980F /* torrent.m */,
				61E3BCFA0870B4F2002186A0 /* GenerateThumbnailForURL.m */,
				2C05A19B06CAA52B00D84F6F /* GeneratePreviewForURL.m */,
				08FB77B6FE84183AC02AAC07 /* main.c */,
			);
			name = Source;
			sourceTree = "<group>";
		};
		0FACB8EA12BF641D00C7AEDF /* Other Sources */ = {
			isa = PBXGroup;
			children = (
				0FACB8FC12BF641E00C7AEDF /* QLTorrent-Prefix.pch */,
			);
			name = "Other Sources";
			sourceTree = "<group>";
		};
		0FACB8EB12BF641D00C7AEDF /* Frameworks */ = {
			isa = PBXGroup;
			children = (
				0FACB91212BF654100C7AEDF /* Foundation.framework */,
				0FACB8F312BF641D00C7AEDF /* QuickLook.framework */,
				0FACB8F512BF641D00C7AEDF /* ApplicationServices.framework */,
				0FACB8F712BF641D00C7AEDF /* CoreServices.framework */,
				0FACB8F912BF641D00C7AEDF /* CoreFoundation.framework */,
			);
			name = Frameworks;
			sourceTree = "<group>";
		};
		19C28FB6FE9D52B211CA2CBB /* Products */ = {
			isa = PBXGroup;
			children = (
				0FACB8F212BF641D00C7AEDF /* qltorrent.qlgenerator */,
				7B13B21A1478868200E8B6A0 /* StaticQLTorrentTests */,
			);
			name = Products;
			sourceTree = "<group>";
		};
		7B13B21D1478868200E8B6A0 /* StaticQLTorrentTests */ = {
			isa = PBXGroup;
			children = (
				7B13B21E1478868200E8B6A0 /* main.m */,
				7B13B2221478868200E8B6A0 /* StaticQLTorrentTests.1 */,
				7B13B2201478868200E8B6A0 /* Supporting Files */,
			);
			path = StaticQLTorrentTests;
			sourceTree = "<group>";
		};
		7B13B2201478868200E8B6A0 /* Supporting Files */ = {
			isa = PBXGroup;
			children = (
				7B13B2211478868200E8B6A0 /* StaticQLTorrentTests-Prefix.pch */,
			);
			name = "Supporting Files";
			sourceTree = "<group>";
		};
/* End PBXGroup section */

/* Begin PBXHeadersBuildPhase section */
		0FACB8EE12BF641D00C7AEDF /* Headers */ = {
			isa = PBXHeadersBuildPhase;
			buildActionMask = 2147483647;
			files = (
			);
			runOnlyForDeploymentPostprocessing = 0;
		};
/* End PBXHeadersBuildPhase section */

/* Begin PBXNativeTarget section */
		0FACB8F112BF641D00C7AEDF /* qltorrent */ = {
			isa = PBXNativeTarget;
			buildConfigurationList = 0FACB90812BF641E00C7AEDF /* Build configuration list for PBXNativeTarget "qltorrent" */;
			buildPhases = (
				0FACB8EC12BF641D00C7AEDF /* Sources */,
				0FACB8ED12BF641D00C7AEDF /* Frameworks */,
				0FACB8EE12BF641D00C7AEDF /* Headers */,
				0FACB8EF12BF641D00C7AEDF /* Resources */,
				0FACB8F012BF641D00C7AEDF /* Rez */,
			);
			buildRules = (
			);
			dependencies = (
			);
			name = qltorrent;
			productName = QLTorrent;
			productReference = 0FACB8F212BF641D00C7AEDF /* qltorrent.qlgenerator */;
			productType = "com.apple.product-type.bundle";
		};
		7B13B2191478868200E8B6A0 /* StaticQLTorrentTests */ = {
			isa = PBXNativeTarget;
			buildConfigurationList = 7B13B2241478868200E8B6A0 /* Build configuration list for PBXNativeTarget "StaticQLTorrentTests" */;
			buildPhases = (
				7B13B2161478868200E8B6A0 /* Sources */,
				7B13B2171478868200E8B6A0 /* Frameworks */,
				7B13B2181478868200E8B6A0 /* CopyFiles */,
			);
			buildRules = (
			);
			dependencies = (
			);
			name = StaticQLTorrentTests;
			productName = StaticQLTorrentTests;
			productReference = 7B13B21A1478868200E8B6A0 /* StaticQLTorrentTests */;
			productType = "com.apple.product-type.tool";
		};
/* End PBXNativeTarget section */

/* Begin PBXProject section */
		089C1669FE841209C02AAC07 /* Project object */ = {
			isa = PBXProject;
			attributes = {
				LastUpgradeCheck = 0450;
				ORGANIZATIONNAME = Sillage;
			};
			buildConfigurationList = 2CA326220896AD4900168862 /* Build configuration list for PBXProject "qltorrent" */;
			compatibilityVersion = "Xcode 3.2";
			developmentRegion = English;
			hasScannedForEncodings = 1;
			knownRegions = (
				English,
				Japanese,
				French,
				German,
			);
			mainGroup = 089C166AFE841209C02AAC07 /* qltorrent */;
			projectDirPath = "";
			projectRoot = "";
			targets = (
				0FACB8F112BF641D00C7AEDF /* qltorrent */,
				7B13B2191478868200E8B6A0 /* StaticQLTorrentTests */,
			);
		};
/* End PBXProject section */

/* Begin PBXResourcesBuildPhase section */
		0FACB8EF12BF641D00C7AEDF /* Resources */ = {
			isa = PBXResourcesBuildPhase;
			buildActionMask = 2147483647;
			files = (
				0FBA3BB612BF666900311BAC /* torrentpreview.html in Resources */,
			);
			runOnlyForDeploymentPostprocessing = 0;
		};
/* End PBXResourcesBuildPhase section */

/* Begin PBXRezBuildPhase section */
		0FACB8F012BF641D00C7AEDF /* Rez */ = {
			isa = PBXRezBuildPhase;
			buildActionMask = 2147483647;
			files = (
			);
			runOnlyForDeploymentPostprocessing = 0;
		};
/* End PBXRezBuildPhase section */

/* Begin PBXSourcesBuildPhase section */
		0FACB8EC12BF641D00C7AEDF /* Sources */ = {
			isa = PBXSourcesBuildPhase;
			buildActionMask = 2147483647;
			files = (
				0FACB90D12BF646F00C7AEDF /* main.c in Sources */,
				0FACB91012BF647A00C7AEDF /* torrent.m in Sources */,
				0FACB91112BF647D00C7AEDF /* BEncoding.m in Sources */,
				0FACB90E12BF647400C7AEDF /* GenerateThumbnailForURL.m in Sources */,
				0FACB90F12BF647700C7AEDF /* GeneratePreviewForURL.m in Sources */,
			);
			runOnlyForDeploymentPostprocessing = 0;
		};
		7B13B2161478868200E8B6A0 /* Sources */ = {
			isa = PBXSourcesBuildPhase;
			buildActionMask = 2147483647;
			files = (
				7B13B21F1478868200E8B6A0 /* main.m in Sources */,
				7B13B2281478880600E8B6A0 /* torrent.m in Sources */,
				7B13B2271478880400E8B6A0 /* BEncoding.m in Sources */,
			);
			runOnlyForDeploymentPostprocessing = 0;
		};
/* End PBXSourcesBuildPhase section */

/* Begin PBXVariantGroup section */
		8D5B49A704867FD3000E48DA /* InfoPlist.strings */ = {
			isa = PBXVariantGroup;
			children = (
				089C167EFE841241C02AAC07 /* English */,
			);
			name = InfoPlist.strings;
			sourceTree = "<group>";
		};
/* End PBXVariantGroup section */

/* Begin XCBuildConfiguration section */
		0FACB90612BF641E00C7AEDF /* Debug */ = {
			isa = XCBuildConfiguration;
			buildSettings = {
			};
			name = Debug;
		};
		0FACB90712BF641E00C7AEDF /* Release */ = {
			isa = XCBuildConfiguration;
			buildSettings = {
			};
			name = Release;
		};
		0FACB90912BF641E00C7AEDF /* Debug */ = {
			isa = XCBuildConfiguration;
			buildSettings = {
				ALWAYS_SEARCH_USER_PATHS = NO;
				COMBINE_HIDPI_IMAGES = YES;
				COPY_PHASE_STRIP = NO;
				GCC_C_LANGUAGE_STANDARD = gnu99;
				GCC_DYNAMIC_NO_PIC = NO;
				GCC_ENABLE_OBJC_EXCEPTIONS = YES;
				GCC_OPTIMIZATION_LEVEL = 0;
				GCC_PRECOMPILE_PREFIX_HEADER = YES;
				GCC_PREFIX_HEADER = "QLTorrent-Prefix.pch";
				GCC_PREPROCESSOR_DEFINITIONS = DEBUG;
				GCC_VERSION = com.apple.compilers.llvm.clang.1_0;
				INFOPLIST_FILE = Info.plist;
				INSTALL_PATH = /Library/QuickLook;
				MACOSX_DEPLOYMENT_TARGET = 10.6;
				ONLY_ACTIVE_ARCH = YES;
				PRODUCT_NAME = "$(TARGET_NAME)";
				SDKROOT = macosx;
				WRAPPER_EXTENSION = qlgenerator;
			};
			name = Debug;
		};
		0FACB90A12BF641E00C7AEDF /* Release */ = {
			isa = XCBuildConfiguration;
			buildSettings = {
				ALWAYS_SEARCH_USER_PATHS = NO;
				COMBINE_HIDPI_IMAGES = YES;
				COPY_PHASE_STRIP = YES;
				DEBUG_INFORMATION_FORMAT = "dwarf-with-dsym";
				GCC_C_LANGUAGE_STANDARD = gnu99;
				GCC_ENABLE_OBJC_EXCEPTIONS = YES;
				GCC_PRECOMPILE_PREFIX_HEADER = YES;
				GCC_PREFIX_HEADER = "QLTorrent-Prefix.pch";
				GCC_VERSION = com.apple.compilers.llvm.clang.1_0;
				INFOPLIST_FILE = Info.plist;
				INSTALL_PATH = /Library/QuickLook;
				MACOSX_DEPLOYMENT_TARGET = 10.6;
				PRODUCT_NAME = "$(TARGET_NAME)";
				SDKROOT = macosx;
				WRAPPER_EXTENSION = qlgenerator;
			};
			name = Release;
		};
		0FACB90B12BF641E00C7AEDF /* Debug */ = {
			isa = XCBuildConfiguration;
			buildSettings = {
				COPY_PHASE_STRIP = NO;
				GCC_DYNAMIC_NO_PIC = NO;
				GCC_OPTIMIZATION_LEVEL = 0;
				PRODUCT_NAME = QLTorrent;
			};
			name = Debug;
		};
		0FACB90C12BF641E00C7AEDF /* Release */ = {
			isa = XCBuildConfiguration;
			buildSettings = {
				COPY_PHASE_STRIP = YES;
				DEBUG_INFORMATION_FORMAT = "dwarf-with-dsym";
				PRODUCT_NAME = QLTorrent;
			};
			name = Release;
		};
		2CA326230896AD4900168862 /* Debug */ = {
			isa = XCBuildConfiguration;
			buildSettings = {
				ARCHS = "$(ARCHS_STANDARD_32_64_BIT)";
				FRAMEWORK_SEARCH_PATHS = /System/Library/Frameworks/;
				GCC_C_LANGUAGE_STANDARD = c99;
				GCC_WARN_ABOUT_RETURN_TYPE = YES;
				GCC_WARN_UNUSED_VARIABLE = YES;
				HEADER_SEARCH_PATHS = /usr/include/;
				ONLY_ACTIVE_ARCH = NO;
				OTHER_CFLAGS = (
					"-W",
					"-Wall",
				);
				SDKROOT = macosx;
			};
			name = Debug;
		};
		2CA326240896AD4900168862 /* Release */ = {
			isa = XCBuildConfiguration;
			buildSettings = {
				ARCHS = "$(ARCHS_STANDARD_32_64_BIT)";
				FRAMEWORK_SEARCH_PATHS = /System/Library/Frameworks/;
				GCC_C_LANGUAGE_STANDARD = c99;
				GCC_WARN_ABOUT_RETURN_TYPE = YES;
				GCC_WARN_UNUSED_VARIABLE = YES;
				HEADER_SEARCH_PATHS = /usr/include/;
				ONLY_ACTIVE_ARCH = NO;
				OTHER_CFLAGS = (
					"-W",
					"-Wall",
				);
				SDKROOT = macosx;
			};
			name = Release;
		};
		7B13B2251478868200E8B6A0 /* Debug */ = {
			isa = XCBuildConfiguration;
			buildSettings = {
				ALWAYS_SEARCH_USER_PATHS = NO;
				ARCHS = "$(ARCHS_STANDARD_64_BIT)";
				COPY_PHASE_STRIP = NO;
				GCC_C_LANGUAGE_STANDARD = gnu99;
				GCC_DYNAMIC_NO_PIC = NO;
				GCC_ENABLE_OBJC_EXCEPTIONS = YES;
				GCC_OPTIMIZATION_LEVEL = 0;
				GCC_PRECOMPILE_PREFIX_HEADER = YES;
				GCC_PREFIX_HEADER = "StaticQLTorrentTests/StaticQLTorrentTests-Prefix.pch";
				GCC_PREPROCESSOR_DEFINITIONS = (
					"DEBUG=1",
					"$(inherited)",
				);
				GCC_SYMBOLS_PRIVATE_EXTERN = NO;
				GCC_VERSION = com.apple.compilers.llvm.clang.1_0;
				GCC_WARN_64_TO_32_BIT_CONVERSION = YES;
				GCC_WARN_ABOUT_MISSING_PROTOTYPES = YES;
				MACOSX_DEPLOYMENT_TARGET = 10.7;
				ONLY_ACTIVE_ARCH = YES;
				PRODUCT_NAME = "$(TARGET_NAME)";
			};
			name = Debug;
		};
		7B13B2261478868200E8B6A0 /* Release */ = {
			isa = XCBuildConfiguration;
			buildSettings = {
				ALWAYS_SEARCH_USER_PATHS = NO;
				ARCHS = "$(ARCHS_STANDARD_64_BIT)";
				COPY_PHASE_STRIP = YES;
				DEBUG_INFORMATION_FORMAT = "dwarf-with-dsym";
				GCC_C_LANGUAGE_STANDARD = gnu99;
				GCC_ENABLE_OBJC_EXCEPTIONS = YES;
				GCC_PRECOMPILE_PREFIX_HEADER = YES;
				GCC_PREFIX_HEADER = "StaticQLTorrentTests/StaticQLTorrentTests-Prefix.pch";
				GCC_VERSION = com.apple.compilers.llvm.clang.1_0;
				GCC_WARN_64_TO_32_BIT_CONVERSION = YES;
				GCC_WARN_ABOUT_MISSING_PROTOTYPES = YES;
				MACOSX_DEPLOYMENT_TARGET = 10.7;
				PRODUCT_NAME = "$(TARGET_NAME)";
			};
			name = Release;
		};
/* End XCBuildConfiguration section */

/* Begin XCConfigurationList section */
		0FACB90812BF641E00C7AEDF /* Build configuration list for PBXNativeTarget "qltorrent" */ = {
			isa = XCConfigurationList;
			buildConfigurations = (
				0FACB90912BF641E00C7AEDF /* Debug */,
				0FACB90A12BF641E00C7AEDF /* Release */,
				0FACB90B12BF641E00C7AEDF /* Debug */,
				0FACB90C12BF641E00C7AEDF /* Release */,
			);
			defaultConfigurationIsVisible = 0;
			defaultConfigurationName = Release;
		};
		2CA326220896AD4900168862 /* Build configuration list for PBXProject "qltorrent" */ = {
			isa = XCConfigurationList;
			buildConfigurations = (
				2CA326230896AD4900168862 /* Debug */,
				2CA326240896AD4900168862 /* Release */,
				0FACB90612BF641E00C7AEDF /* Debug */,
				0FACB90712BF641E00C7AEDF /* Release */,
			);
			defaultConfigurationIsVisible = 0;
			defaultConfigurationName = Release;
		};
		7B13B2241478868200E8B6A0 /* Build configuration list for PBXNativeTarget "StaticQLTorrentTests" */ = {
			isa = XCConfigurationList;
			buildConfigurations = (
				7B13B2251478868200E8B6A0 /* Debug */,
				7B13B2261478868200E8B6A0 /* Release */,
			);
			defaultConfigurationIsVisible = 0;
			defaultConfigurationName = Release;
		};
/* End XCConfigurationList section */
	};
	rootObject = 089C1669FE841209C02AAC07 /* Project object */;
}
